
Microsoft Visual Studio Solution File, Format Version 12.00
# Visual Studio Version 16
VisualStudioVersion = 16.0.31025.194
MinimumVisualStudioVersion = 10.0.40219.1
Project("{9A19103F-16F7-4668-BE54-9A1E7A4F7556}") = "XMen.Test", "XMen.Test\XMen.Test.csproj", "{1B462B6A-ECAE-45A4-8129-B6FA5E0A8D9D}"
EndProject
Project("{9A19103F-16F7-4668-BE54-9A1E7A4F7556}") = "XMen.RDM", "XMen.RDM\XMen.RDM.csproj", "{54C15B7F-EED8-4921-9895-948E1CCE4988}"
EndProject
Global
	GlobalSection(SolutionConfigurationPlatforms) = preSolution
		Debug|Any CPU = Debug|Any CPU
		Release|Any CPU = Release|Any CPU
	EndGlobalSection
	GlobalSection(ProjectConfigurationPlatforms) = postSolution
		{1B462B6A-ECAE-45A4-8129-B6FA5E0A8D9D}.Debug|Any CPU.ActiveCfg = Debug|Any CPU
		{1B462B6A-ECAE-45A4-8129-B6FA5E0A8D9D}.Debug|Any CPU.Build.0 = Debug|Any CPU
		{1B462B6A-ECAE-45A4-8129-B6FA5E0A8D9D}.Release|Any CPU.ActiveCfg = Release|Any CPU
		{1B462B6A-ECAE-45A4-8129-B6FA5E0A8D9D}.Release|Any CPU.Build.0 = Release|Any CPU
		{54C15B7F-EED8-4921-9895-948E1CCE4988}.Debug|Any CPU.ActiveCfg = Debug|Any CPU
		{54C15B7F-EED8-4921-9895-948E1CCE4988}.Debug|Any CPU.Build.0 = Debug|Any CPU
		{54C15B7F-EED8-4921-9895-948E1CCE4988}.Release|Any CPU.ActiveCfg = Release|Any CPU
		{54C15B7F-EED8-4921-9895-948E1CCE4988}.Release|Any CPU.Build.0 = Release|Any CPU
	EndGlobalSection
	GlobalSection(SolutionProperties) = preSolution
		HideSolutionNode = FALSE
	EndGlobalSection
	GlobalSection(ExtensibilityGlobals) = postSolution
		SolutionGuid = {FDAAD4E5-699F-48B7-BAC4-F2BBB4271FDB}
	EndGlobalSection
EndGlobal
